
Microsoft Visual Studio Solution File, Format Version 12.00
# Visual Studio Version 17
VisualStudioVersion = 17.14.37411.7 d17.14
MinimumVisualStudioVersion = 10.0.40219.1
Project("{FAE04EC0-301F-11D3-BF4B-00C04F79EFBC}") = "DatabaseAccess", "DatabaseAccess\DatabaseAccess.csproj", "{02E46EF7-93D1-4E8A-84F8-0F9148FC5E4A}"
EndProject
Project("{FAE04EC0-301F-11D3-BF4B-00C04F79EFBC}") = "DatabaseAccess.Tests", "DatabaseAccess.Tests\DatabaseAccess.Tests.csproj", "{14AE38A9-17FE-CE17-6EF4-A3FBAC18C00F}"
EndProject
Global
	GlobalSection(SolutionConfigurationPlatforms) = preSolution
		Debug|Any CPU = Debug|Any CPU
		Release|Any CPU = Release|Any CPU
	EndGlobalSection
	GlobalSection(ProjectConfigurationPlatforms) = postSolution
		{02E46EF7-93D1-4E8A-84F8-0F9148FC5E4A}.Debug|Any CPU.ActiveCfg = Debug|Any CPU
		{02E46EF7-93D1-4E8A-84F8-0F9148FC5E4A}.Debug|Any CPU.Build.0 = Debug|Any CPU
		{02E46EF7-93D1-4E8A-84F8-0F9148FC5E4A}.Release|Any CPU.ActiveCfg = Release|Any CPU
		{02E46EF7-93D1-4E8A-84F8-0F9148FC5E4A}.Release|Any CPU.Build.0 = Release|Any CPU
		{14AE38A9-17FE-CE17-6EF4-A3FBAC18C00F}.Debug|Any CPU.ActiveCfg = Debug|Any CPU
		{14AE38A9-17FE-CE17-6EF4-A3FBAC18C00F}.Debug|Any CPU.Build.0 = Debug|Any CPU
		{14AE38A9-17FE-CE17-6EF4-A3FBAC18C00F}.Release|Any CPU.ActiveCfg = Release|Any CPU
		{14AE38A9-17FE-CE17-6EF4-A3FBAC18C00F}.Release|Any CPU.Build.0 = Release|Any CPU
	EndGlobalSection
	GlobalSection(SolutionProperties) = preSolution
		HideSolutionNode = FALSE
	EndGlobalSection
	GlobalSection(ExtensibilityGlobals) = postSolution
		SolutionGuid = {9CB9BF73-D966-43A6-A547-680E46242730}
	EndGlobalSection
EndGlobal
